
Microsoft Visual Studio Solution File, Format Version 12.00
# Visual Studio Version 17
VisualStudioVersion = 17.1.32228.430
MinimumVisualStudioVersion = 10.0.40219.1
Project("{9A19103F-16F7-4668-BE54-9A1E7A4F7556}") = "KampIntro", "KampIntro\KampIntro.csproj", "{34CC2C9C-25D3-4F15-A759-BC6410BA1965}"
EndProject
Project("{9A19103F-16F7-4668-BE54-9A1E7A4F7556}") = "Donguler", "Donguler\Donguler.csproj", "{9F6A4F04-E633-46C0-AFD0-0936C199A351}"
EndProject
Project("{9A19103F-16F7-4668-BE54-9A1E7A4F7556}") = "ClassIntro", "ClassIntro\ClassIntro.csproj", "{2DB90FC0-0C2A-44F8-8335-0D0A32236A96}"
EndProject
Project("{9A19103F-16F7-4668-BE54-9A1E7A4F7556}") = "UrunListeleme", "UrunListeleme\UrunListeleme.csproj", "{2B7B6CB5-31B9-4B57-AFAC-C98A131D77CB}"
EndProject
Project("{9A19103F-16F7-4668-BE54-9A1E7A4F7556}") = "Metotlar", "Metotlar\Metotlar.csproj", "{205D73FB-18C0-4AF8-9700-81DD968ADD5A}"
EndProject
Project("{9A19103F-16F7-4668-BE54-9A1E7A4F7556}") = "Matematik", "Matematik\Matematik.csproj", "{3E1C8DF1-7F09-4877-ACA0-8B26EB441623}"
EndProject
Project("{9A19103F-16F7-4668-BE54-9A1E7A4F7556}") = "DegerVeReferansTipler", "DegerVeReferansTipler\DegerVeReferansTipler.csproj", "{267F5B22-1534-410A-8AD7-7850AE0A05EC}"
EndProject
Project("{FAE04EC0-301F-11D3-BF4B-00C04F79EFBC}") = "ClassMetotDemo", "ClassMetotDemo\ClassMetotDemo.csproj", "{392E2E4B-A1F9-4101-9790-64D0C1537686}"
EndProject
Global
	GlobalSection(SolutionConfigurationPlatforms) = preSolution
		Debug|Any CPU = Debug|Any CPU
		Release|Any CPU = Release|Any CPU
	EndGlobalSection
	GlobalSection(ProjectConfigurationPlatforms) = postSolution
		{34CC2C9C-25D3-4F15-A759-BC6410BA1965}.Debug|Any CPU.ActiveCfg = Debug|Any CPU
		{34CC2C9C-25D3-4F15-A759-BC6410BA1965}.Debug|Any CPU.Build.0 = Debug|Any CPU
		{34CC2C9C-25D3-4F15-A759-BC6410BA1965}.Release|Any CPU.ActiveCfg = Release|Any CPU
		{34CC2C9C-25D3-4F15-A759-BC6410BA1965}.Release|Any CPU.Build.0 = Release|Any CPU
		{9F6A4F04-E633-46C0-AFD0-0936C199A351}.Debug|Any CPU.ActiveCfg = Debug|Any CPU
		{9F6A4F04-E633-46C0-AFD0-0936C199A351}.Debug|Any CPU.Build.0 = Debug|Any CPU
		{9F6A4F04-E633-46C0-AFD0-0936C199A351}.Release|Any CPU.ActiveCfg = Release|Any CPU
		{9F6A4F04-E633-46C0-AFD0-0936C199A351}.Release|Any CPU.Build.0 = Release|Any CPU
		{2DB90FC0-0C2A-44F8-8335-0D0A32236A96}.Debug|Any CPU.ActiveCfg = Debug|Any CPU
		{2DB90FC0-0C2A-44F8-8335-0D0A32236A96}.Debug|Any CPU.Build.0 = Debug|Any CPU
		{2DB90FC0-0C2A-44F8-8335-0D0A32236A96}.Release|Any CPU.ActiveCfg = Release|Any CPU
		{2DB90FC0-0C2A-44F8-8335-0D0A32236A96}.Release|Any CPU.Build.0 = Release|Any CPU
		{2B7B6CB5-31B9-4B57-AFAC-C98A131D77CB}.Debug|Any CPU.ActiveCfg = Debug|Any CPU
		{2B7B6CB5-31B9-4B57-AFAC-C98A131D77CB}.Debug|Any CPU.Build.0 = Debug|Any CPU
		{2B7B6CB5-31B9-4B57-AFAC-C98A131D77CB}.Release|Any CPU.ActiveCfg = Release|Any CPU
		{2B7B6CB5-31B9-4B57-AFAC-C98A131D77CB}.Release|Any CPU.Build.0 = Release|Any CPU
		{205D73FB-18C0-4AF8-9700-81DD968ADD5A}.Debug|Any CPU.ActiveCfg = Debug|Any CPU
		{205D73FB-18C0-4AF8-9700-81DD968ADD5A}.Debug|Any CPU.Build.0 = Debug|Any CPU
		{205D73FB-18C0-4AF8-9700-81DD968ADD5A}.Release|Any CPU.ActiveCfg = Release|Any CPU
		{205D73FB-18C0-4AF8-9700-81DD968ADD5A}.Release|Any CPU.Build.0 = Release|Any CPU
		{3E1C8DF1-7F09-4877-ACA0-8B26EB441623}.Debug|Any CPU.ActiveCfg = Debug|Any CPU
		{3E1C8DF1-7F09-4877-ACA0-8B26EB441623}.Debug|Any CPU.Build.0 = Debug|Any CPU
		{3E1C8DF1-7F09-4877-ACA0-8B26EB441623}.Release|Any CPU.ActiveCfg = Release|Any CPU
		{3E1C8DF1-7F09-4877-ACA0-8B26EB441623}.Release|Any CPU.Build.0 = Release|Any CPU
		{267F5B22-1534-410A-8AD7-7850AE0A05EC}.Debug|Any CPU.ActiveCfg = Debug|Any CPU
		{267F5B22-1534-410A-8AD7-7850AE0A05EC}.Debug|Any CPU.Build.0 = Debug|Any CPU
		{267F5B22-1534-410A-8AD7-7850AE0A05EC}.Release|Any CPU.ActiveCfg = Release|Any CPU
		{267F5B22-1534-410A-8AD7-7850AE0A05EC}.Release|Any CPU.Build.0 = Release|Any CPU
		{392E2E4B-A1F9-4101-9790-64D0C1537686}.Debug|Any CPU.ActiveCfg = Debug|Any CPU
		{392E2E4B-A1F9-4101-9790-64D0C1537686}.Debug|Any CPU.Build.0 = Debug|Any CPU
		{392E2E4B-A1F9-4101-9790-64D0C1537686}.Release|Any CPU.ActiveCfg = Release|Any CPU
		{392E2E4B-A1F9-4101-9790-64D0C1537686}.Release|Any CPU.Build.0 = Release|Any CPU
	EndGlobalSection
	GlobalSection(SolutionProperties) = preSolution
		HideSolutionNode = FALSE
	EndGlobalSection
	GlobalSection(ExtensibilityGlobals) = postSolution
		SolutionGuid = {CD7ABF7B-10FD-4EBB-81FF-82673EF29D11}
	EndGlobalSection
EndGlobal
