
Microsoft Visual Studio Solution File, Format Version 12.00
# Visual Studio Version 17
VisualStudioVersion = 17.1.32228.430
MinimumVisualStudioVersion = 10.0.40219.1
Project("{9A19103F-16F7-4668-BE54-9A1E7A4F7556}") = "KampIntro", "KampIntro\KampIntro.csproj", "{34CC2C9C-25D3-4F15-A759-BC6410BA1965}"
EndProject
Project("{9A19103F-16F7-4668-BE54-9A1E7A4F7556}") = "Donguler", "Donguler\Donguler.csproj", "{9F6A4F04-E633-46C0-AFD0-0936C199A351}"
EndProject
Project("{9A19103F-16F7-4668-BE54-9A1E7A4F7556}") = "ClassIntro", "ClassIntro\ClassIntro.csproj", "{2DB90FC0-0C2A-44F8-8335-0D0A32236A96}"
EndProject
Project("{9A19103F-16F7-4668-BE54-9A1E7A4F7556}") = "UrunListeleme", "UrunListeleme\UrunListeleme.csproj", "{2B7B6CB5-31B9-4B57-AFAC-C98A131D77CB}"
EndProject
Project("{9A19103F-16F7-4668-BE54-9A1E7A4F7556}") = "Metotlar", "Metotlar\Metotlar.csproj", "{205D73FB-18C0-4AF8-9700-81DD968ADD5A}"
EndProject
Project("{9A19103F-16F7-4668-BE54-9A1E7A4F7556}") = "Matematik", "Matematik\Matematik.csproj", "{3E1C8DF1-7F09-4877-ACA0-8B26EB441623}"
EndProject
Project("{9A19103F-16F7-4668-BE54-9A1E7A4F7556}") = "DegerVeReferansTipler", "DegerVeReferansTipler\DegerVeReferansTipler.csproj", "{267F5B22-1534-410A-8AD7-7850AE0A05EC}"
EndProject
Project("{9A19103F-16F7-4668-BE54-9A1E7A4F7556}") = "ClassMetotDemo", "ClassMetotDemo\ClassMetotDemo.csproj", "{392E2E4B-A1F9-4101-9790-64D0C1537686}"
EndProject
Project("{9A19103F-16F7-4668-BE54-9A1E7A4F7556}") = "OOP1", "OOP1\OOP1.csproj", "{42B08D90-6503-4C35-B116-40BB0D2C4964}"
EndProject
Project("{9A19103F-16F7-4668-BE54-9A1E7A4F7556}") = "Koleksiyonlar", "Koleksiyonlar\Koleksiyonlar.csproj", "{3D1D0A37-92B6-4E56-85A4-09F2E9C4857A}"
EndProject
Project("{9A19103F-16F7-4668-BE54-9A1E7A4F7556}") = "GenecerisIntro", "GenecerisIntro\GenecerisIntro.csproj", "{7C8CD7FB-5993-402F-8F5D-D27FD45E37BB}"
EndProject
Project("{9A19103F-16F7-4668-BE54-9A1E7A4F7556}") = "Constructor", "Constructor\Constructor.csproj", "{B2BDBE9D-EB8C-47D5-884E-CCD0F2CB93BA}"
EndProject
Project("{9A19103F-16F7-4668-BE54-9A1E7A4F7556}") = "Oop2", "Oop2\Oop2.csproj", "{45C59314-B748-46E3-A702-C1A9C6D4C2BA}"
EndProject
Project("{9A19103F-16F7-4668-BE54-9A1E7A4F7556}") = "Oop3", "Oop3\Oop3.csproj", "{7862A8F8-BCD8-4FDF-9F9E-FAF767977CF3}"
EndProject
Project("{FAE04EC0-301F-11D3-BF4B-00C04F79EFBC}") = "Classes", "Classes\Classes.csproj", "{4955D511-4F82-45F9-938F-247D3472A32A}"
EndProject
Project("{FAE04EC0-301F-11D3-BF4B-00C04F79EFBC}") = "RecapDemo1", "..\..\RecapDemo\RecapDemo1\RecapDemo1.csproj", "{74164A4C-1ABC-4497-BAE8-A6E1EFEF7EA5}"
EndProject
Project("{FAE04EC0-301F-11D3-BF4B-00C04F79EFBC}") = "Interfaces", "Interfaces\Interfaces.csproj", "{1BA82684-E91A-4633-9AD2-87891E5997FA}"
EndProject
Project("{FAE04EC0-301F-11D3-BF4B-00C04F79EFBC}") = "InterfacesDemo", "InterfacesDemo\InterfacesDemo.csproj", "{22E18E7C-CFCD-4BCB-A1EB-E856AC81426D}"
EndProject
Project("{FAE04EC0-301F-11D3-BF4B-00C04F79EFBC}") = "Inheritnaces", "Inheritnace\Inheritnaces.csproj", "{17C2FF2D-92CB-4127-B454-9527EF743F08}"
EndProject
Global
	GlobalSection(SolutionConfigurationPlatforms) = preSolution
		Debug|Any CPU = Debug|Any CPU
		Release|Any CPU = Release|Any CPU
	EndGlobalSection
	GlobalSection(ProjectConfigurationPlatforms) = postSolution
		{34CC2C9C-25D3-4F15-A759-BC6410BA1965}.Debug|Any CPU.ActiveCfg = Debug|Any CPU
		{34CC2C9C-25D3-4F15-A759-BC6410BA1965}.Debug|Any CPU.Build.0 = Debug|Any CPU
		{34CC2C9C-25D3-4F15-A759-BC6410BA1965}.Release|Any CPU.ActiveCfg = Release|Any CPU
		{34CC2C9C-25D3-4F15-A759-BC6410BA1965}.Release|Any CPU.Build.0 = Release|Any CPU
		{9F6A4F04-E633-46C0-AFD0-0936C199A351}.Debug|Any CPU.ActiveCfg = Debug|Any CPU
		{9F6A4F04-E633-46C0-AFD0-0936C199A351}.Debug|Any CPU.Build.0 = Debug|Any CPU
		{9F6A4F04-E633-46C0-AFD0-0936C199A351}.Release|Any CPU.ActiveCfg = Release|Any CPU
		{9F6A4F04-E633-46C0-AFD0-0936C199A351}.Release|Any CPU.Build.0 = Release|Any CPU
		{2DB90FC0-0C2A-44F8-8335-0D0A32236A96}.Debug|Any CPU.ActiveCfg = Debug|Any CPU
		{2DB90FC0-0C2A-44F8-8335-0D0A32236A96}.Debug|Any CPU.Build.0 = Debug|Any CPU
		{2DB90FC0-0C2A-44F8-8335-0D0A32236A96}.Release|Any CPU.ActiveCfg = Release|Any CPU
		{2DB90FC0-0C2A-44F8-8335-0D0A32236A96}.Release|Any CPU.Build.0 = Release|Any CPU
		{2B7B6CB5-31B9-4B57-AFAC-C98A131D77CB}.Debug|Any CPU.ActiveCfg = Debug|Any CPU
		{2B7B6CB5-31B9-4B57-AFAC-C98A131D77CB}.Debug|Any CPU.Build.0 = Debug|Any CPU
		{2B7B6CB5-31B9-4B57-AFAC-C98A131D77CB}.Release|Any CPU.ActiveCfg = Release|Any CPU
		{2B7B6CB5-31B9-4B57-AFAC-C98A131D77CB}.Release|Any CPU.Build.0 = Release|Any CPU
		{205D73FB-18C0-4AF8-9700-81DD968ADD5A}.Debug|Any CPU.ActiveCfg = Debug|Any CPU
		{205D73FB-18C0-4AF8-9700-81DD968ADD5A}.Debug|Any CPU.Build.0 = Debug|Any CPU
		{205D73FB-18C0-4AF8-9700-81DD968ADD5A}.Release|Any CPU.ActiveCfg = Release|Any CPU
		{205D73FB-18C0-4AF8-9700-81DD968ADD5A}.Release|Any CPU.Build.0 = Release|Any CPU
		{3E1C8DF1-7F09-4877-ACA0-8B26EB441623}.Debug|Any CPU.ActiveCfg = Debug|Any CPU
		{3E1C8DF1-7F09-4877-ACA0-8B26EB441623}.Debug|Any CPU.Build.0 = Debug|Any CPU
		{3E1C8DF1-7F09-4877-ACA0-8B26EB441623}.Release|Any CPU.ActiveCfg = Release|Any CPU
		{3E1C8DF1-7F09-4877-ACA0-8B26EB441623}.Release|Any CPU.Build.0 = Release|Any CPU
		{267F5B22-1534-410A-8AD7-7850AE0A05EC}.Debug|Any CPU.ActiveCfg = Debug|Any CPU
		{267F5B22-1534-410A-8AD7-7850AE0A05EC}.Debug|Any CPU.Build.0 = Debug|Any CPU
		{267F5B22-1534-410A-8AD7-7850AE0A05EC}.Release|Any CPU.ActiveCfg = Release|Any CPU
		{267F5B22-1534-410A-8AD7-7850AE0A05EC}.Release|Any CPU.Build.0 = Release|Any CPU
		{392E2E4B-A1F9-4101-9790-64D0C1537686}.Debug|Any CPU.ActiveCfg = Debug|Any CPU
		{392E2E4B-A1F9-4101-9790-64D0C1537686}.Debug|Any CPU.Build.0 = Debug|Any CPU
		{392E2E4B-A1F9-4101-9790-64D0C1537686}.Release|Any CPU.ActiveCfg = Release|Any CPU
		{392E2E4B-A1F9-4101-9790-64D0C1537686}.Release|Any CPU.Build.0 = Release|Any CPU
		{42B08D90-6503-4C35-B116-40BB0D2C4964}.Debug|Any CPU.ActiveCfg = Debug|Any CPU
		{42B08D90-6503-4C35-B116-40BB0D2C4964}.Debug|Any CPU.Build.0 = Debug|Any CPU
		{42B08D90-6503-4C35-B116-40BB0D2C4964}.Release|Any CPU.ActiveCfg = Release|Any CPU
		{42B08D90-6503-4C35-B116-40BB0D2C4964}.Release|Any CPU.Build.0 = Release|Any CPU
		{3D1D0A37-92B6-4E56-85A4-09F2E9C4857A}.Debug|Any CPU.ActiveCfg = Debug|Any CPU
		{3D1D0A37-92B6-4E56-85A4-09F2E9C4857A}.Debug|Any CPU.Build.0 = Debug|Any CPU
		{3D1D0A37-92B6-4E56-85A4-09F2E9C4857A}.Release|Any CPU.ActiveCfg = Release|Any CPU
		{3D1D0A37-92B6-4E56-85A4-09F2E9C4857A}.Release|Any CPU.Build.0 = Release|Any CPU
		{7C8CD7FB-5993-402F-8F5D-D27FD45E37BB}.Debug|Any CPU.ActiveCfg = Debug|Any CPU
		{7C8CD7FB-5993-402F-8F5D-D27FD45E37BB}.Debug|Any CPU.Build.0 = Debug|Any CPU
		{7C8CD7FB-5993-402F-8F5D-D27FD45E37BB}.Release|Any CPU.ActiveCfg = Release|Any CPU
		{7C8CD7FB-5993-402F-8F5D-D27FD45E37BB}.Release|Any CPU.Build.0 = Release|Any CPU
		{B2BDBE9D-EB8C-47D5-884E-CCD0F2CB93BA}.Debug|Any CPU.ActiveCfg = Debug|Any CPU
		{B2BDBE9D-EB8C-47D5-884E-CCD0F2CB93BA}.Debug|Any CPU.Build.0 = Debug|Any CPU
		{B2BDBE9D-EB8C-47D5-884E-CCD0F2CB93BA}.Release|Any CPU.ActiveCfg = Release|Any CPU
		{B2BDBE9D-EB8C-47D5-884E-CCD0F2CB93BA}.Release|Any CPU.Build.0 = Release|Any CPU
		{45C59314-B748-46E3-A702-C1A9C6D4C2BA}.Debug|Any CPU.ActiveCfg = Debug|Any CPU
		{45C59314-B748-46E3-A702-C1A9C6D4C2BA}.Debug|Any CPU.Build.0 = Debug|Any CPU
		{45C59314-B748-46E3-A702-C1A9C6D4C2BA}.Release|Any CPU.ActiveCfg = Release|Any CPU
		{45C59314-B748-46E3-A702-C1A9C6D4C2BA}.Release|Any CPU.Build.0 = Release|Any CPU
		{7862A8F8-BCD8-4FDF-9F9E-FAF767977CF3}.Debug|Any CPU.ActiveCfg = Debug|Any CPU
		{7862A8F8-BCD8-4FDF-9F9E-FAF767977CF3}.Debug|Any CPU.Build.0 = Debug|Any CPU
		{7862A8F8-BCD8-4FDF-9F9E-FAF767977CF3}.Release|Any CPU.ActiveCfg = Release|Any CPU
		{7862A8F8-BCD8-4FDF-9F9E-FAF767977CF3}.Release|Any CPU.Build.0 = Release|Any CPU
		{4955D511-4F82-45F9-938F-247D3472A32A}.Debug|Any CPU.ActiveCfg = Debug|Any CPU
		{4955D511-4F82-45F9-938F-247D3472A32A}.Debug|Any CPU.Build.0 = Debug|Any CPU
		{4955D511-4F82-45F9-938F-247D3472A32A}.Release|Any CPU.ActiveCfg = Release|Any CPU
		{4955D511-4F82-45F9-938F-247D3472A32A}.Release|Any CPU.Build.0 = Release|Any CPU
		{74164A4C-1ABC-4497-BAE8-A6E1EFEF7EA5}.Debug|Any CPU.ActiveCfg = Debug|Any CPU
		{74164A4C-1ABC-4497-BAE8-A6E1EFEF7EA5}.Debug|Any CPU.Build.0 = Debug|Any CPU
		{74164A4C-1ABC-4497-BAE8-A6E1EFEF7EA5}.Release|Any CPU.ActiveCfg = Release|Any CPU
		{74164A4C-1ABC-4497-BAE8-A6E1EFEF7EA5}.Release|Any CPU.Build.0 = Release|Any CPU
		{1BA82684-E91A-4633-9AD2-87891E5997FA}.Debug|Any CPU.ActiveCfg = Debug|Any CPU
		{1BA82684-E91A-4633-9AD2-87891E5997FA}.Debug|Any CPU.Build.0 = Debug|Any CPU
		{1BA82684-E91A-4633-9AD2-87891E5997FA}.Release|Any CPU.ActiveCfg = Release|Any CPU
		{1BA82684-E91A-4633-9AD2-87891E5997FA}.Release|Any CPU.Build.0 = Release|Any CPU
		{22E18E7C-CFCD-4BCB-A1EB-E856AC81426D}.Debug|Any CPU.ActiveCfg = Debug|Any CPU
		{22E18E7C-CFCD-4BCB-A1EB-E856AC81426D}.Debug|Any CPU.Build.0 = Debug|Any CPU
		{22E18E7C-CFCD-4BCB-A1EB-E856AC81426D}.Release|Any CPU.ActiveCfg = Release|Any CPU
		{22E18E7C-CFCD-4BCB-A1EB-E856AC81426D}.Release|Any CPU.Build.0 = Release|Any CPU
		{17C2FF2D-92CB-4127-B454-9527EF743F08}.Debug|Any CPU.ActiveCfg = Debug|Any CPU
		{17C2FF2D-92CB-4127-B454-9527EF743F08}.Debug|Any CPU.Build.0 = Debug|Any CPU
		{17C2FF2D-92CB-4127-B454-9527EF743F08}.Release|Any CPU.ActiveCfg = Release|Any CPU
		{17C2FF2D-92CB-4127-B454-9527EF743F08}.Release|Any CPU.Build.0 = Release|Any CPU
	EndGlobalSection
	GlobalSection(SolutionProperties) = preSolution
		HideSolutionNode = FALSE
	EndGlobalSection
	GlobalSection(ExtensibilityGlobals) = postSolution
		SolutionGuid = {CD7ABF7B-10FD-4EBB-81FF-82673EF29D11}
	EndGlobalSection
EndGlobal
